
Microsoft Visual Studio Solution File, Format Version 12.00
# Visual Studio Version 16
VisualStudioVersion = 16.0.31321.278
MinimumVisualStudioVersion = 10.0.40219.1
Project("{9A19103F-16F7-4668-BE54-9A1E7A4F7556}") = "BenfordLab", "BenfordLab\BenfordLab.csproj", "{B29896AF-7852-47F9-A2F0-37A321792E71}"
EndProject
Project("{9A19103F-16F7-4668-BE54-9A1E7A4F7556}") = "TestFirstDigit", "TestFirstDigit\TestFirstDigit.csproj", "{326D30FD-D304-47E4-99A1-EADC646F84E0}"
EndProject
Global
	GlobalSection(SolutionConfigurationPlatforms) = preSolution
		Debug|Any CPU = Debug|Any CPU
		Release|Any CPU = Release|Any CPU
	EndGlobalSection
	GlobalSection(ProjectConfigurationPlatforms) = postSolution
		{B29896AF-7852-47F9-A2F0-37A321792E71}.Debug|Any CPU.ActiveCfg = Debug|Any CPU
		{B29896AF-7852-47F9-A2F0-37A321792E71}.Debug|Any CPU.Build.0 = Debug|Any CPU
		{B29896AF-7852-47F9-A2F0-37A321792E71}.Release|Any CPU.ActiveCfg = Release|Any CPU
		{B29896AF-7852-47F9-A2F0-37A321792E71}.Release|Any CPU.Build.0 = Release|Any CPU
		{326D30FD-D304-47E4-99A1-EADC646F84E0}.Debug|Any CPU.ActiveCfg = Debug|Any CPU
		{326D30FD-D304-47E4-99A1-EADC646F84E0}.Debug|Any CPU.Build.0 = Debug|Any CPU
		{326D30FD-D304-47E4-99A1-EADC646F84E0}.Release|Any CPU.ActiveCfg = Release|Any CPU
		{326D30FD-D304-47E4-99A1-EADC646F84E0}.Release|Any CPU.Build.0 = Release|Any CPU
	EndGlobalSection
	GlobalSection(SolutionProperties) = preSolution
		HideSolutionNode = FALSE
	EndGlobalSection
	GlobalSection(ExtensibilityGlobals) = postSolution
		SolutionGuid = {4F2B4D3C-1BE4-4DEC-B800-F60D8BFBF2DF}
	EndGlobalSection
EndGlobal
